
Microsoft Visual Studio Solution File, Format Version 12.00
# Visual Studio Version 17
VisualStudioVersion = 17.5.33502.453
MinimumVisualStudioVersion = 10.0.40219.1
Project("{9A19103F-16F7-4668-BE54-9A1E7A4F7556}") = "Optimal.API", "Optimal.API\Optimal.API.csproj", "{9831C939-ADA9-4155-BE82-081355828FC6}"
EndProject
Project("{2150E333-8FDC-42A3-9474-1A3956D46DE8}") = "Services", "Services", "{D317BDF3-BC43-47CE-B65B-4AE776741A7E}"
EndProject
Project("{2150E333-8FDC-42A3-9474-1A3956D46DE8}") = "CommonPackages", "CommonPackages", "{B2FAF574-F150-447F-AFBC-F8313F96686E}"
EndProject
Project("{9A19103F-16F7-4668-BE54-9A1E7A4F7556}") = "OptimalPackage", "CommonPackages\OptimalPackage\OptimalPackage.csproj", "{314C6B3D-B65D-468B-B664-F7212C1EBADF}"
EndProject
Project("{E53339B2-1760-4266-BCC7-CA923CBCF16C}") = "docker-compose", "docker-compose.dcproj", "{25036951-3651-4E3B-A3E5-1BD8B6294599}"
EndProject
Project("{FAE04EC0-301F-11D3-BF4B-00C04F79EFBC}") = "ArtificialIntel.API", "ArtificialIntel.API\ArtificialIntel.API.csproj", "{A9F1BE9C-16AC-46C0-89EC-D0DAC62D3834}"
EndProject
Project("{2150E333-8FDC-42A3-9474-1A3956D46DE8}") = "AI.API", "AI.API", "{E60AF011-6B6F-4025-A3E3-DB4058DD3FC5}"
EndProject
Project("{2150E333-8FDC-42A3-9474-1A3956D46DE8}") = "OptimalAPI", "OptimalAPI", "{C18541C8-2629-463E-95FF-BE8F371542AD}"
EndProject
Project("{FAE04EC0-301F-11D3-BF4B-00C04F79EFBC}") = "ArtificialIntel.Application", "ArtificialIntel.Application\ArtificialIntel.Application.csproj", "{5BEF6CB3-0FF0-42CD-BD52-0A3AAF889029}"
EndProject
Project("{FAE04EC0-301F-11D3-BF4B-00C04F79EFBC}") = "ArtificialIntel.Repos", "ArtificialIntel.Repos\ArtificialIntel.Repos.csproj", "{110F966C-7AE7-4840-9783-7CE543DA1BBE}"
EndProject
Global
	GlobalSection(SolutionConfigurationPlatforms) = preSolution
		Debug|Any CPU = Debug|Any CPU
		Release|Any CPU = Release|Any CPU
	EndGlobalSection
	GlobalSection(ProjectConfigurationPlatforms) = postSolution
		{9831C939-ADA9-4155-BE82-081355828FC6}.Debug|Any CPU.ActiveCfg = Debug|Any CPU
		{9831C939-ADA9-4155-BE82-081355828FC6}.Debug|Any CPU.Build.0 = Debug|Any CPU
		{9831C939-ADA9-4155-BE82-081355828FC6}.Release|Any CPU.ActiveCfg = Release|Any CPU
		{9831C939-ADA9-4155-BE82-081355828FC6}.Release|Any CPU.Build.0 = Release|Any CPU
		{314C6B3D-B65D-468B-B664-F7212C1EBADF}.Debug|Any CPU.ActiveCfg = Debug|Any CPU
		{314C6B3D-B65D-468B-B664-F7212C1EBADF}.Debug|Any CPU.Build.0 = Debug|Any CPU
		{314C6B3D-B65D-468B-B664-F7212C1EBADF}.Release|Any CPU.ActiveCfg = Release|Any CPU
		{314C6B3D-B65D-468B-B664-F7212C1EBADF}.Release|Any CPU.Build.0 = Release|Any CPU
		{25036951-3651-4E3B-A3E5-1BD8B6294599}.Debug|Any CPU.ActiveCfg = Debug|Any CPU
		{25036951-3651-4E3B-A3E5-1BD8B6294599}.Debug|Any CPU.Build.0 = Debug|Any CPU
		{25036951-3651-4E3B-A3E5-1BD8B6294599}.Release|Any CPU.ActiveCfg = Release|Any CPU
		{25036951-3651-4E3B-A3E5-1BD8B6294599}.Release|Any CPU.Build.0 = Release|Any CPU
		{A9F1BE9C-16AC-46C0-89EC-D0DAC62D3834}.Debug|Any CPU.ActiveCfg = Debug|Any CPU
		{A9F1BE9C-16AC-46C0-89EC-D0DAC62D3834}.Debug|Any CPU.Build.0 = Debug|Any CPU
		{A9F1BE9C-16AC-46C0-89EC-D0DAC62D3834}.Release|Any CPU.ActiveCfg = Release|Any CPU
		{A9F1BE9C-16AC-46C0-89EC-D0DAC62D3834}.Release|Any CPU.Build.0 = Release|Any CPU
		{5BEF6CB3-0FF0-42CD-BD52-0A3AAF889029}.Debug|Any CPU.ActiveCfg = Debug|Any CPU
		{5BEF6CB3-0FF0-42CD-BD52-0A3AAF889029}.Debug|Any CPU.Build.0 = Debug|Any CPU
		{5BEF6CB3-0FF0-42CD-BD52-0A3AAF889029}.Release|Any CPU.ActiveCfg = Release|Any CPU
		{5BEF6CB3-0FF0-42CD-BD52-0A3AAF889029}.Release|Any CPU.Build.0 = Release|Any CPU
		{110F966C-7AE7-4840-9783-7CE543DA1BBE}.Debug|Any CPU.ActiveCfg = Debug|Any CPU
		{110F966C-7AE7-4840-9783-7CE543DA1BBE}.Debug|Any CPU.Build.0 = Debug|Any CPU
		{110F966C-7AE7-4840-9783-7CE543DA1BBE}.Release|Any CPU.ActiveCfg = Release|Any CPU
		{110F966C-7AE7-4840-9783-7CE543DA1BBE}.Release|Any CPU.Build.0 = Release|Any CPU
	EndGlobalSection
	GlobalSection(SolutionProperties) = preSolution
		HideSolutionNode = FALSE
	EndGlobalSection
	GlobalSection(NestedProjects) = preSolution
		{9831C939-ADA9-4155-BE82-081355828FC6} = {C18541C8-2629-463E-95FF-BE8F371542AD}
		{314C6B3D-B65D-468B-B664-F7212C1EBADF} = {B2FAF574-F150-447F-AFBC-F8313F96686E}
		{A9F1BE9C-16AC-46C0-89EC-D0DAC62D3834} = {E60AF011-6B6F-4025-A3E3-DB4058DD3FC5}
		{E60AF011-6B6F-4025-A3E3-DB4058DD3FC5} = {D317BDF3-BC43-47CE-B65B-4AE776741A7E}
		{C18541C8-2629-463E-95FF-BE8F371542AD} = {D317BDF3-BC43-47CE-B65B-4AE776741A7E}
		{5BEF6CB3-0FF0-42CD-BD52-0A3AAF889029} = {E60AF011-6B6F-4025-A3E3-DB4058DD3FC5}
		{110F966C-7AE7-4840-9783-7CE543DA1BBE} = {E60AF011-6B6F-4025-A3E3-DB4058DD3FC5}
	EndGlobalSection
	GlobalSection(ExtensibilityGlobals) = postSolution
		SolutionGuid = {0CC73431-D978-4F6B-A674-B2B6C4A80627}
	EndGlobalSection
EndGlobal
